
Microsoft Visual Studio Solution File, Format Version 12.00
# Visual Studio 15
VisualStudioVersion = 15.0.27703.2000
MinimumVisualStudioVersion = 10.0.40219.1
Project("{FAE04EC0-301F-11D3-BF4B-00C04F79EFBC}") = "FlightSearchAppConsoleStarter", "FlightSearchAppConsoleStarter\FlightSearchAppConsoleStarter.csproj", "{FD1CE0B4-71BA-4D3D-9C36-21FD64C30F63}"
EndProject
Project("{FAE04EC0-301F-11D3-BF4B-00C04F79EFBC}") = "FlightSearchAppCore", "FlightSearchAppCore\FlightSearchAppCore.csproj", "{7CFCAEE5-1B50-4B74-8563-51C026CB370D}"
EndProject
Project("{FAE04EC0-301F-11D3-BF4B-00C04F79EFBC}") = "FlightSearchAppRepository", "FlightSearchAppRepository\FlightSearchAppRepository.csproj", "{E8CD061D-A18A-4A66-A208-4B7022758EFB}"
EndProject
Project("{FAE04EC0-301F-11D3-BF4B-00C04F79EFBC}") = "FlightSerachAppEntities", "FlightSerachAppEntities\FlightSerachAppEntities.csproj", "{52F65456-A3CD-4DA8-A208-6D9575382065}"
EndProject
Global
	GlobalSection(SolutionConfigurationPlatforms) = preSolution
		Debug|Any CPU = Debug|Any CPU
		Release|Any CPU = Release|Any CPU
	EndGlobalSection
	GlobalSection(ProjectConfigurationPlatforms) = postSolution
		{FD1CE0B4-71BA-4D3D-9C36-21FD64C30F63}.Debug|Any CPU.ActiveCfg = Debug|Any CPU
		{FD1CE0B4-71BA-4D3D-9C36-21FD64C30F63}.Debug|Any CPU.Build.0 = Debug|Any CPU
		{FD1CE0B4-71BA-4D3D-9C36-21FD64C30F63}.Release|Any CPU.ActiveCfg = Release|Any CPU
		{FD1CE0B4-71BA-4D3D-9C36-21FD64C30F63}.Release|Any CPU.Build.0 = Release|Any CPU
		{7CFCAEE5-1B50-4B74-8563-51C026CB370D}.Debug|Any CPU.ActiveCfg = Debug|Any CPU
		{7CFCAEE5-1B50-4B74-8563-51C026CB370D}.Debug|Any CPU.Build.0 = Debug|Any CPU
		{7CFCAEE5-1B50-4B74-8563-51C026CB370D}.Release|Any CPU.ActiveCfg = Release|Any CPU
		{7CFCAEE5-1B50-4B74-8563-51C026CB370D}.Release|Any CPU.Build.0 = Release|Any CPU
		{E8CD061D-A18A-4A66-A208-4B7022758EFB}.Debug|Any CPU.ActiveCfg = Debug|Any CPU
		{E8CD061D-A18A-4A66-A208-4B7022758EFB}.Debug|Any CPU.Build.0 = Debug|Any CPU
		{E8CD061D-A18A-4A66-A208-4B7022758EFB}.Release|Any CPU.ActiveCfg = Release|Any CPU
		{E8CD061D-A18A-4A66-A208-4B7022758EFB}.Release|Any CPU.Build.0 = Release|Any CPU
		{52F65456-A3CD-4DA8-A208-6D9575382065}.Debug|Any CPU.ActiveCfg = Debug|Any CPU
		{52F65456-A3CD-4DA8-A208-6D9575382065}.Debug|Any CPU.Build.0 = Debug|Any CPU
		{52F65456-A3CD-4DA8-A208-6D9575382065}.Release|Any CPU.ActiveCfg = Release|Any CPU
		{52F65456-A3CD-4DA8-A208-6D9575382065}.Release|Any CPU.Build.0 = Release|Any CPU
	EndGlobalSection
	GlobalSection(SolutionProperties) = preSolution
		HideSolutionNode = FALSE
	EndGlobalSection
	GlobalSection(ExtensibilityGlobals) = postSolution
		SolutionGuid = {8C9C6754-AC28-4D6D-9847-6C72AD05E060}
	EndGlobalSection
EndGlobal
